<?xml version="1.0" encoding="utf-8"?>
<Project ToolsVersion="4.0" xmlns="http://schemas.microsoft.com/developer/msbuild/2003">
  <ItemGroup>
    <Filter Include="Source Files">
      <UniqueIdentifier>{4FC737F1-C7A5-4376-A066-2A32D752A2FF}</UniqueIdentifier>
      <Extensions>cpp;c;cc;cxx;def;odl;idl;hpj;bat;asm;asmx</Extensions>
    </Filter>
    <Filter Include="Header Files">
      <UniqueIdentifier>{93995380-89BD-4b04-88EB-625FBE52EBFB}</UniqueIdentifier>
      <Extensions>h;hpp;hxx;hm;inl;inc;xsd</Extensions>
    </Filter>
    <Filter Include="Resource Files">
      <UniqueIdentifier>{67DA6AB6-F800-4c08-8B7A-83BB121AAD01}</UniqueIdentifier>
      <Extensions>rc;ico;cur;bmp;dlg;rc2;rct;bin;rgs;gif;jpg;jpeg;jpe;resx;tiff;tif;png;wav;mfcribbon-ms</Extensions>
    </Filter>
  </ItemGroup>
  <ItemGroup>
    <None Include="build.sh" />
    <None Include="clean.bat">
      <Filter>Source Files</Filter>
    </None>
    <None Include="clean.sh" />
    <None Include="Jamroot.jam" />
    <None Include="LICENSE" />
    <None Include="quickbuild.bat">
      <Filter>Source Files</Filter>
    </None>
    <None Include="quickbuild.sh" />
    <None Include="README.md" />
    <None Include="SUBSET" />
    <None Include="freicore\Jamfile.jam" />
    <None Include="freicore\pwiz-src-without-lt-3_0_4151.tar.bz2" />
  </ItemGroup>
  <ItemGroup>
    <ClCompile Include="myrimatch.cpp">
      <Filter>Source Files</Filter>
    </ClCompile>
    <ClCompile Include="myrimatchMPI.cpp">
      <Filter>Source Files</Filter>
    </ClCompile>
    <ClCompile Include="myrimatchSpectrum.cpp">
      <Filter>Source Files</Filter>
    </ClCompile>
    <ClCompile Include="myrimatchVersion.cpp">
      <Filter>Source Files</Filter>
    </ClCompile>
    <ClCompile Include="freicore\AhoCorasickTrieTest.cpp">
      <Filter>Source Files</Filter>
    </ClCompile>
    <ClCompile Include="freicore\BaseRunTimeConfig.cpp">
      <Filter>Source Files</Filter>
    </ClCompile>
    <ClCompile Include="freicore\BaseRunTimeConfigTest.cpp">
      <Filter>Source Files</Filter>
    </ClCompile>
    <ClCompile Include="freicore\BaseSpectrum.cpp">
      <Filter>Source Files</Filter>
    </ClCompile>
    <ClCompile Include="freicore\BlosumMatrix.cpp">
      <Filter>Source Files</Filter>
    </ClCompile>
    <ClCompile Include="freicore\constants.cpp">
      <Filter>Source Files</Filter>
    </ClCompile>
    <ClCompile Include="freicore\freicore.cpp">
      <Filter>Source Files</Filter>
    </ClCompile>
    <ClCompile Include="freicore\mapPeptidesToFasta.cpp">
      <Filter>Source Files</Filter>
    </ClCompile>
    <ClCompile Include="freicore\percentile_test.cpp">
      <Filter>Source Files</Filter>
    </ClCompile>
    <ClCompile Include="freicore\proteinStore.cpp">
      <Filter>Source Files</Filter>
    </ClCompile>
    <ClCompile Include="freicore\SearchResultSetTest.cpp">
      <Filter>Source Files</Filter>
    </ClCompile>
    <ClCompile Include="freicore\SearchSpectrum.cpp">
      <Filter>Source Files</Filter>
    </ClCompile>
    <ClCompile Include="freicore\shared_defs.cpp">
      <Filter>Source Files</Filter>
    </ClCompile>
    <ClCompile Include="freicore\shared_funcs.cpp">
      <Filter>Source Files</Filter>
    </ClCompile>
    <ClCompile Include="freicore\SharedTests.cpp">
      <Filter>Source Files</Filter>
    </ClCompile>
    <ClCompile Include="freicore\stdafx.cpp">
      <Filter>Source Files</Filter>
    </ClCompile>
    <ClCompile Include="freicore\tagsFile.cpp">
      <Filter>Source Files</Filter>
    </ClCompile>
    <ClCompile Include="freicore\UniModXMLParser.cpp">
      <Filter>Source Files</Filter>
    </ClCompile>
    <ClCompile Include="freicore\WuManber.cpp">
      <Filter>Source Files</Filter>
    </ClCompile>
    <ClCompile Include="tracer.cpp">
      <Filter>Source Files</Filter>
    </ClCompile>
    <ClCompile Include="freicore\pwiz_src\pwiz\utility\chemistry\MZTolerance.cpp">
      <Filter>Source Files</Filter>
    </ClCompile>
  </ItemGroup>
  <ItemGroup>
    <ClInclude Include="myrimatch.h">
      <Filter>Header Files</Filter>
    </ClInclude>
    <ClInclude Include="myrimatchConfig.h">
      <Filter>Header Files</Filter>
    </ClInclude>
    <ClInclude Include="myrimatchSpectrum.h">
      <Filter>Header Files</Filter>
    </ClInclude>
    <ClInclude Include="myrimatchVersion.hpp">
      <Filter>Header Files</Filter>
    </ClInclude>
    <ClInclude Include="freicore\AhoCorasickTrie.hpp">
      <Filter>Header Files</Filter>
    </ClInclude>
    <ClInclude Include="freicore\BaseRunTimeConfig.h">
      <Filter>Header Files</Filter>
    </ClInclude>
    <ClInclude Include="freicore\BaseSpectrum.h">
      <Filter>Header Files</Filter>
    </ClInclude>
    <ClInclude Include="freicore\BitwiseSubsetGenerator.h">
      <Filter>Header Files</Filter>
    </ClInclude>
    <ClInclude Include="freicore\BlosumMatrix.h">
      <Filter>Header Files</Filter>
    </ClInclude>
    <ClInclude Include="freicore\CharIndexedVector.h">
      <Filter>Header Files</Filter>
    </ClInclude>
    <ClInclude Include="freicore\constants.h">
      <Filter>Header Files</Filter>
    </ClInclude>
    <ClInclude Include="freicore\expat_xml.h">
      <Filter>Header Files</Filter>
    </ClInclude>
    <ClInclude Include="freicore\freicore.h">
      <Filter>Header Files</Filter>
    </ClInclude>
    <ClInclude Include="freicore\Histogram.h">
      <Filter>Header Files</Filter>
    </ClInclude>
    <ClInclude Include="freicore\lnFactorialTable.h">
      <Filter>Header Files</Filter>
    </ClInclude>
    <ClInclude Include="freicore\MixedRadixEnumerator.h">
      <Filter>Header Files</Filter>
    </ClInclude>
    <ClInclude Include="freicore\PeakSpectrum.h">
      <Filter>Header Files</Filter>
    </ClInclude>
    <ClInclude Include="freicore\pepXmlTypes.h">
      <Filter>Header Files</Filter>
    </ClInclude>
    <ClInclude Include="freicore\percentile.hpp">
      <Filter>Header Files</Filter>
    </ClInclude>
    <ClInclude Include="freicore\portable_archive_exception.hpp">
      <Filter>Header Files</Filter>
    </ClInclude>
    <ClInclude Include="freicore\portable_iarchive.hpp">
      <Filter>Header Files</Filter>
    </ClInclude>
    <ClInclude Include="freicore\portable_oarchive.hpp">
      <Filter>Header Files</Filter>
    </ClInclude>
    <ClInclude Include="freicore\Profiler.h">
      <Filter>Header Files</Filter>
    </ClInclude>
    <ClInclude Include="freicore\proteinStore.h">
      <Filter>Header Files</Filter>
    </ClInclude>
    <ClInclude Include="freicore\PTMVariantList.h">
      <Filter>Header Files</Filter>
    </ClInclude>
    <ClInclude Include="freicore\ResidueMap.h">
      <Filter>Header Files</Filter>
    </ClInclude>
    <ClInclude Include="freicore\searchResult.h">
      <Filter>Header Files</Filter>
    </ClInclude>
    <ClInclude Include="freicore\SearchResultSet.h">
      <Filter>Header Files</Filter>
    </ClInclude>
    <ClInclude Include="freicore\SearchSpectrum.h">
      <Filter>Header Files</Filter>
    </ClInclude>
    <ClInclude Include="freicore\shared_defs.h">
      <Filter>Header Files</Filter>
    </ClInclude>
    <ClInclude Include="freicore\shared_funcs.h">
      <Filter>Header Files</Filter>
    </ClInclude>
    <ClInclude Include="freicore\shared_types.h">
      <Filter>Header Files</Filter>
    </ClInclude>
    <ClInclude Include="freicore\simplethreads.h">
      <Filter>Header Files</Filter>
    </ClInclude>
    <ClInclude Include="freicore\SimpleXMLWriter.h">
      <Filter>Header Files</Filter>
    </ClInclude>
    <ClInclude Include="freicore\stdafx.h">
      <Filter>Header Files</Filter>
    </ClInclude>
    <ClInclude Include="freicore\SubsetEnumerator.h">
      <Filter>Header Files</Filter>
    </ClInclude>
    <ClInclude Include="freicore\svnrev.hpp">
      <Filter>Header Files</Filter>
    </ClInclude>
    <ClInclude Include="freicore\tagsFile.h">
      <Filter>Header Files</Filter>
    </ClInclude>
    <ClInclude Include="freicore\topset.h">
      <Filter>Header Files</Filter>
    </ClInclude>
    <ClInclude Include="freicore\UniModXMLParser.h">
      <Filter>Header Files</Filter>
    </ClInclude>
    <ClInclude Include="freicore\WuManber.h">
      <Filter>Header Files</Filter>
    </ClInclude>
    <ClInclude Include="tracer.hpp">
      <Filter>Header Files</Filter>
    </ClInclude>
    <ClInclude Include="freicore\pwiz_src\pwiz\utility\chemistry\mztolerance.hpp">
      <Filter>Header Files</Filter>
    </ClInclude>
  </ItemGroup>
</Project>